<?xml version="1.0" encoding="utf-8"?>
<Project ToolsVersion="4.0" xmlns="http://schemas.microsoft.com/developer/msbuild/2003">
  <ItemGroup>
    <Filter Include="Source Files">
      <UniqueIdentifier>{4FC737F1-C7A5-4376-A066-2A32D752A2FF}</UniqueIdentifier>
      <Extensions>cpp;c;cc;cxx;def;odl;idl;hpj;bat;asm;asmx</Extensions>
    </Filter>
    <Filter Include="Header Files">
      <UniqueIdentifier>{93995380-89BD-4b04-88EB-625FBE52EBFB}</UniqueIdentifier>
      <Extensions>h;hpp;hxx;hm;inl;inc;xsd</Extensions>
    </Filter>
    <Filter Include="Shader">
      <UniqueIdentifier>{67DA6AB6-F800-4c08-8B7A-83BB121AAD01}</UniqueIdentifier>
      <Extensions>rc;ico;cur;bmp;dlg;rc2;rct;bin;rgs;gif;jpg;jpeg;jpe;resx;tiff;tif;png;wav;mfcribbon-ms</Extensions>
    </Filter>
    <Filter Include="Header Files\GameObjects">
      <UniqueIdentifier>{f6e9090f-3067-43a6-aeaf-50bc261436ec}</UniqueIdentifier>
    </Filter>
    <Filter Include="Header Files\Scenes">
      <UniqueIdentifier>{752a271f-58bf-453e-bca3-91d7314edf82}</UniqueIdentifier>
    </Filter>
    <Filter Include="Source Files\GameObjects">
      <UniqueIdentifier>{bb0a5f5e-5bef-4b6f-a25b-e3bca6ffb4e6}</UniqueIdentifier>
    </Filter>
    <Filter Include="Source Files\Scenes">
      <UniqueIdentifier>{c45f4add-aec4-446e-a233-41e8e2f65a3c}</UniqueIdentifier>
    </Filter>
  </ItemGroup>
  <ItemGroup>
    <ClCompile Include="Source\Application.cpp">
      <Filter>Source Files</Filter>
    </ClCompile>
    <ClCompile Include="Source\main.cpp">
      <Filter>Source Files</Filter>
    </ClCompile>
    <ClCompile Include="Source\shader.cpp">
      <Filter>Source Files</Filter>
    </ClCompile>
    <ClCompile Include="Source\Camera2.cpp">
      <Filter>Source Files</Filter>
    </ClCompile>
    <ClCompile Include="Source\Mesh.cpp">
      <Filter>Source Files</Filter>
    </ClCompile>
    <ClCompile Include="Source\Camera.cpp">
      <Filter>Source Files</Filter>
    </ClCompile>
    <ClCompile Include="Source\MeshBuilder.cpp">
      <Filter>Source Files</Filter>
    </ClCompile>
    <ClCompile Include="Source\Utility.cpp">
      <Filter>Source Files</Filter>
    </ClCompile>
    <ClCompile Include="Source\LoadTGA.cpp">
      <Filter>Source Files</Filter>
    </ClCompile>
    <ClCompile Include="Source\Camera3.cpp">
      <Filter>Source Files</Filter>
    </ClCompile>
    <ClCompile Include="Source\LoadOBJ.cpp">
      <Filter>Source Files</Filter>
    </ClCompile>
    <ClCompile Include="Source\LoadHmap.cpp">
      <Filter>Source Files</Filter>
    </ClCompile>
    <ClCompile Include="Source\SpriteAnimation.cpp">
      <Filter>Source Files</Filter>
    </ClCompile>
    <ClCompile Include="Source\Particle.cpp">
      <Filter>Source Files</Filter>
    </ClCompile>
    <ClCompile Include="Source\DepthFBO.cpp">
      <Filter>Source Files</Filter>
    </ClCompile>
    <ClCompile Include="Source\OBJMesh.cpp">
      <Filter>Source Files</Filter>
    </ClCompile>
    <ClCompile Include="Source\ThirdPersonCamera.cpp">
      <Filter>Source Files</Filter>
    </ClCompile>
    <ClCompile Include="Source\WalkCamera.cpp">
      <Filter>Source Files</Filter>
    </ClCompile>
    <ClCompile Include="Source\CollisionManager.cpp">
      <Filter>Source Files</Filter>
    </ClCompile>
    <ClCompile Include="Source\SceneCalmPlateu.cpp">
      <Filter>Source Files\Scenes</Filter>
    </ClCompile>
    <ClCompile Include="Source\SceneCreepingRidge.cpp">
      <Filter>Source Files\Scenes</Filter>
    </ClCompile>
    <ClCompile Include="Source\SceneGhastlyDepths.cpp">
      <Filter>Source Files\Scenes</Filter>
    </ClCompile>
    <ClCompile Include="Source\SceneManager.cpp">
      <Filter>Source Files\Scenes</Filter>
    </ClCompile>
    <ClCompile Include="Source\SceneNightmareTrench.cpp">
      <Filter>Source Files\Scenes</Filter>
    </ClCompile>
    <ClCompile Include="Source\SceneSP3.cpp">
      <Filter>Source Files\Scenes</Filter>
    </ClCompile>
    <ClCompile Include="Source\SceneTutorial.cpp">
      <Filter>Source Files\Scenes</Filter>
    </ClCompile>
    <ClCompile Include="Source\Boss.cpp">
      <Filter>Source Files\GameObjects</Filter>
    </ClCompile>
    <ClCompile Include="Source\Chimera.cpp">
      <Filter>Source Files\GameObjects</Filter>
    </ClCompile>
    <ClCompile Include="Source\Capture.cpp">
      <Filter>Source Files\GameObjects</Filter>
    </ClCompile>
    <ClCompile Include="Source\Fcrab.cpp">
      <Filter>Source Files\GameObjects</Filter>
    </ClCompile>
    <ClCompile Include="Source\DamageText.cpp">
      <Filter>Source Files\GameObjects</Filter>
    </ClCompile>
    <ClCompile Include="Source\FrilledShark.cpp">
      <Filter>Source Files\GameObjects</Filter>
    </ClCompile>
    <ClCompile Include="Source\GameObject.cpp">
      <Filter>Source Files\GameObjects</Filter>
    </ClCompile>
    <ClCompile Include="Source\GiantSquid.cpp">
      <Filter>Source Files\GameObjects</Filter>
    </ClCompile>
    <ClCompile Include="Source\GiantSquidTentacle.cpp">
      <Filter>Source Files\GameObjects</Filter>
    </ClCompile>
    <ClCompile Include="Source\Minnow.cpp">
      <Filter>Source Files\GameObjects</Filter>
    </ClCompile>
    <ClCompile Include="Source\Projectile.cpp">
      <Filter>Source Files\GameObjects</Filter>
    </ClCompile>
    <ClCompile Include="Source\Pufferfish.cpp">
      <Filter>Source Files\GameObjects</Filter>
    </ClCompile>
    <ClCompile Include="Source\SeaCreature.cpp">
      <Filter>Source Files\GameObjects</Filter>
    </ClCompile>
    <ClCompile Include="Source\Skipper.cpp">
      <Filter>Source Files\GameObjects</Filter>
    </ClCompile>
    <ClCompile Include="Source\Spawner.cpp">
      <Filter>Source Files\GameObjects</Filter>
    </ClCompile>
    <ClCompile Include="Source\Cuttlefish.cpp">
      <Filter>Source Files\GameObjects</Filter>
    </ClCompile>
    <ClCompile Include="Source\GiantCrab.cpp">
      <Filter>Source Files\GameObjects</Filter>
    </ClCompile>
    <ClCompile Include="Source\Isopod.cpp">
      <Filter>Source Files\GameObjects</Filter>
    </ClCompile>
    <ClCompile Include="Source\Corals.cpp">
      <Filter>Source Files</Filter>
    </ClCompile>
    <ClCompile Include="Source\Drone.cpp">
      <Filter>Source Files</Filter>
    </ClCompile>
    <ClCompile Include="Source\SceneLoading.cpp">
      <Filter>Source Files</Filter>
    </ClCompile>
    <ClCompile Include="Source\SceneMenu.cpp">
      <Filter>Source Files</Filter>
    </ClCompile>
  </ItemGroup>
  <ItemGroup>
    <ClInclude Include="Source\Application.h">
      <Filter>Header Files</Filter>
    </ClInclude>
    <ClInclude Include="Source\shader.hpp">
      <Filter>Header Files</Filter>
    </ClInclude>
    <ClInclude Include="Source\Camera.h">
      <Filter>Header Files</Filter>
    </ClInclude>
    <ClInclude Include="Source\Camera2.h">
      <Filter>Header Files</Filter>
    </ClInclude>
    <ClInclude Include="Source\Mesh.h">
      <Filter>Header Files</Filter>
    </ClInclude>
    <ClInclude Include="Source\Vertex.h">
      <Filter>Header Files</Filter>
    </ClInclude>
    <ClInclude Include="Source\MeshBuilder.h">
      <Filter>Header Files</Filter>
    </ClInclude>
    <ClInclude Include="Source\Light.h">
      <Filter>Header Files</Filter>
    </ClInclude>
    <ClInclude Include="Source\Utility.h">
      <Filter>Header Files</Filter>
    </ClInclude>
    <ClInclude Include="Source\Material.h">
      <Filter>Header Files</Filter>
    </ClInclude>
    <ClInclude Include="Source\LoadTGA.h">
      <Filter>Header Files</Filter>
    </ClInclude>
    <ClInclude Include="Source\Camera3.h">
      <Filter>Header Files</Filter>
    </ClInclude>
    <ClInclude Include="Source\LoadOBJ.h">
      <Filter>Header Files</Filter>
    </ClInclude>
    <ClInclude Include="Source\LoadHmap.h">
      <Filter>Header Files</Filter>
    </ClInclude>
    <ClInclude Include="Source\SpriteAnimation.h">
      <Filter>Header Files</Filter>
    </ClInclude>
    <ClInclude Include="Source\SharedData.h">
      <Filter>Header Files</Filter>
    </ClInclude>
    <ClInclude Include="Source\Particle.h">
      <Filter>Header Files</Filter>
    </ClInclude>
    <ClInclude Include="Source\DepthFBO.h">
      <Filter>Header Files</Filter>
    </ClInclude>
    <ClInclude Include="Source\CameraV2.h">
      <Filter>Header Files</Filter>
    </ClInclude>
    <ClInclude Include="Source\OBJMesh.h">
      <Filter>Header Files</Filter>
    </ClInclude>
    <ClInclude Include="Source\ThirdPersonCamera.h">
      <Filter>Header Files</Filter>
    </ClInclude>
    <ClInclude Include="Source\WalkCamera.h">
      <Filter>Header Files</Filter>
    </ClInclude>
    <ClInclude Include="Source\CollisionManager.h">
      <Filter>Header Files</Filter>
    </ClInclude>
    <ClInclude Include="Source\Scene.h">
      <Filter>Header Files\Scenes</Filter>
    </ClInclude>
    <ClInclude Include="Source\SceneCalmPlateu.h">
      <Filter>Header Files\Scenes</Filter>
    </ClInclude>
    <ClInclude Include="Source\SceneCreepingRidge.h">
      <Filter>Header Files\Scenes</Filter>
    </ClInclude>
    <ClInclude Include="Source\SceneGhastlyDepths.h">
      <Filter>Header Files\Scenes</Filter>
    </ClInclude>
    <ClInclude Include="Source\SceneManager.h">
      <Filter>Header Files\Scenes</Filter>
    </ClInclude>
    <ClInclude Include="Source\SceneNightmareTrench.h">
      <Filter>Header Files\Scenes</Filter>
    </ClInclude>
    <ClInclude Include="Source\SceneSP3.h">
      <Filter>Header Files\Scenes</Filter>
    </ClInclude>
    <ClInclude Include="Source\SceneTutorial.h">
      <Filter>Header Files\Scenes</Filter>
    </ClInclude>
    <ClInclude Include="Source\Boss.h">
      <Filter>Header Files\GameObjects</Filter>
    </ClInclude>
    <ClInclude Include="Source\Chimera.h">
      <Filter>Header Files\GameObjects</Filter>
    </ClInclude>
    <ClInclude Include="Source\Capture.h">
      <Filter>Header Files\GameObjects</Filter>
    </ClInclude>
    <ClInclude Include="Source\DamageText.h">
      <Filter>Header Files\GameObjects</Filter>
    </ClInclude>
    <ClInclude Include="Source\Fcrab.h">
      <Filter>Header Files\GameObjects</Filter>
    </ClInclude>
    <ClInclude Include="Source\FrilledShark.h">
      <Filter>Header Files\GameObjects</Filter>
    </ClInclude>
    <ClInclude Include="Source\GameObject.h">
      <Filter>Header Files\GameObjects</Filter>
    </ClInclude>
    <ClInclude Include="Source\GiantSquid.h">
      <Filter>Header Files\GameObjects</Filter>
    </ClInclude>
    <ClInclude Include="Source\GiantSquidTentacle.h">
      <Filter>Header Files\GameObjects</Filter>
    </ClInclude>
    <ClInclude Include="Source\Minnow.h">
      <Filter>Header Files\GameObjects</Filter>
    </ClInclude>
    <ClInclude Include="Source\Pufferfish.h">
      <Filter>Header Files\GameObjects</Filter>
    </ClInclude>
    <ClInclude Include="Source\SeaCreature.h">
      <Filter>Header Files\GameObjects</Filter>
    </ClInclude>
    <ClInclude Include="Source\Skipper.h">
      <Filter>Header Files\GameObjects</Filter>
    </ClInclude>
    <ClInclude Include="Source\Spawner.h">
      <Filter>Header Files\GameObjects</Filter>
    </ClInclude>
    <ClInclude Include="Source\Projectile.h">
      <Filter>Header Files\GameObjects</Filter>
    </ClInclude>
    <ClInclude Include="Source\Cuttlefish.h">
      <Filter>Header Files\GameObjects</Filter>
    </ClInclude>
    <ClInclude Include="Source\GiantCrab.h">
      <Filter>Header Files\GameObjects</Filter>
    </ClInclude>
    <ClInclude Include="Source\Isopod.h">
      <Filter>Header Files\GameObjects</Filter>
    </ClInclude>
    <ClInclude Include="Source\Corals.h">
      <Filter>Header Files</Filter>
    </ClInclude>
    <ClInclude Include="Source\Drone.h">
      <Filter>Header Files</Filter>
    </ClInclude>
    <ClInclude Include="Source\SceneLoading.h">
      <Filter>Header Files</Filter>
    </ClInclude>
    <ClInclude Include="Source\SceneMenu.h">
      <Filter>Header Files</Filter>
    </ClInclude>
  </ItemGroup>
  <ItemGroup>
    <None Include="Shader\GPass.fragmentshader">
      <Filter>Shader</Filter>
    </None>
    <None Include="Shader\GPass.vertexshader">
      <Filter>Shader</Filter>
    </None>
    <None Include="Shader\Shadow.fragmentshader">
      <Filter>Shader</Filter>
    </None>
    <None Include="Shader\Shadow.vertexshader">
      <Filter>Shader</Filter>
    </None>
  </ItemGroup>
</Project>